<?xml version="1.0"?>
<!DOCTYPE CodeBlocks_project_file>
<CodeBlocks_project_file>
	<FileVersion major="1" minor="1"/>
	<Project>
		<Option title="wxWidgets application"/>
		<Option makefile="Makefile"/>
		<Option makefile_is_custom="0"/>
		<Option pch_mode="2"/>
		<Option compiler="0"/>
		<Build>
			<Target title="default">
				<Option output="archive_test"/>
				<Option working_dir="."/>
				<Option object_output=".objs"/>
				<Option deps_output=".deps"/>
				<Option type="1"/>
				<Option compiler="0"/>
				<Option projectResourceIncludeDirsRelation="1"/>
			</Target>
		</Build>
		<Compiler>
			<Add option="`wx-config --cflags`"/>
			<Add option="-DUSE_PCH"/>
		</Compiler>
		<Linker>
			<Add option="`wx-config --libs`"/>
		</Linker>
		<Unit filename="../../include/wx/wxSerialize.h">
			<Option compilerVar=""/>
			<Option compile="0"/>
			<Option link="0"/>
			<Option target="default"/>
		</Unit>
		<Unit filename="../../samples/archive_test/archive_test.cpp">
			<Option compilerVar="CPP"/>
			<Option target="default"/>
		</Unit>
		<Unit filename="../../src/wxSerialize.cpp">
			<Option compilerVar="CPP"/>
			<Option target="default"/>
		</Unit>
	</Project>
</CodeBlocks_project_file>
