<?xml version="1.0" encoding="UTF-8" standalone="yes" ?>
<CodeBlocks_project_file>
	<FileVersion major="1" minor="6" />
	<Project>
		<Option title="blackfisk" />
		<Option pch_mode="0" />
		<Option default_target="debug_unicode" />
		<Option compiler="gcc" />
		<Option virtualFolders="AppLayer\;DataLayer\;PresentationLayer\;PresentationLayer\Dialogs\;PresentationLayer\Controls\;DataLayer\Task\;AppLayer\Core\;AppLayer\InfoSystem\;AppLayer\wxSerialize\;PresentationLayer\Controls\Observers\;doc\;" />
		<Build>
			<Target title="Debug Static">
				<Option output=".\blackfiskDs.exe" prefix_auto="0" extension_auto="0" />
				<Option object_output=".out\objs_debs" />
				<Option type="0" />
				<Option compiler="gcc" />
				<Option projectResourceIncludeDirsRelation="1" />
				<Compiler>
					<Add option="-g" />
					<Add option="-D_DEBUG" />
					<Add option="-D__WXDEBUG__" />
				</Compiler>
				<Linker>
					<Add library="libwxmsw$(#wxversion)ud.a" />
					<Add library="libwxzlibd.a" />
					<Add library="libwxpngd.a" />
					<Add library="comctl32" />
					<Add library="ole32" />
					<Add library="oleaut32" />
					<Add library="uuid" />
					<Add library="winmm" />
					<Add directory="$(#wx)\lib\gcc_lib" />
				</Linker>
			</Target>
			<Target title="Debug Dynamic">
				<Option output=".\blackfiskDd.exe" prefix_auto="0" extension_auto="0" />
				<Option object_output=".out\objs_debd" />
				<Option type="0" />
				<Option compiler="gcc" />
				<Option projectResourceIncludeDirsRelation="1" />
				<Compiler>
					<Add option="-g" />
					<Add option="-D_DEBUG" />
					<Add option="-D__WXDEBUG__" />
					<Add option="-DWXUSINGDLL" />
				</Compiler>
				<Linker>
					<Add library="libwxzlibd.a" />
					<Add library="libwxmsw$(#wxversion)ud.a" />
					<Add directory="$(#wx)\lib\gcc_dll" />
				</Linker>
			</Target>
			<Target title="Release Static">
				<Option output=".\blackfiskRs.exe" prefix_auto="0" extension_auto="0" />
				<Option object_output=".out\objs_rels" />
				<Option type="0" />
				<Option compiler="gcc" />
				<Option projectResourceIncludeDirsRelation="1" />
				<Linker>
					<Add library="libwxmsw$(#wxversion)u.a" />
					<Add library="libwxzlib.a" />
					<Add library="libwxpng.a" />
					<Add library="comctl32" />
					<Add library="ole32" />
					<Add library="oleaut32" />
					<Add library="uuid" />
					<Add library="winmm" />
					<Add directory="$(#wx)\lib\gcc_lib" />
				</Linker>
			</Target>
			<Target title="Release Dynamic">
				<Option output=".\blackfiskRd.exe" prefix_auto="0" extension_auto="0" />
				<Option object_output=".out\objs_reld" />
				<Option type="0" />
				<Option compiler="gcc" />
				<Option projectResourceIncludeDirsRelation="1" />
				<Compiler>
					<Add option="-DWXUSINGDLL" />
				</Compiler>
				<Linker>
					<Add library="libwxzlib.a" />
					<Add library="libwxmsw$(#wxversion)u.a" />
					<Add directory="$(#wx)\lib\gcc_dll" />
				</Linker>
			</Target>
		</Build>
		<VirtualTargets>
			<Add alias="All" targets="Debug Static;Debug Dynamic;Release Static;Release Dynamic;" />
		</VirtualTargets>
		<Compiler>
			<Add directory="$(#wx)\include" />
			<Add directory="$(#wx)\contrib\include" />
			<Add directory="third-party\wxSerialize\include\wx" />
			<Add directory="include" />
		</Compiler>
		<Unit filename="BUILD">
			<Option virtualFolder="doc\" />
		</Unit>
		<Unit filename="CHANGELOG">
			<Option virtualFolder="doc\" />
		</Unit>
		<Unit filename="CREDITS">
			<Option virtualFolder="doc\" />
		</Unit>
		<Unit filename="HISTORY">
			<Option virtualFolder="doc\" />
		</Unit>
		<Unit filename="INSTALL">
			<Option virtualFolder="doc\" />
		</Unit>
		<Unit filename="LICENSE">
			<Option virtualFolder="doc\" />
		</Unit>
		<Unit filename="README">
			<Option virtualFolder="doc\" />
		</Unit>
		<Unit filename="TODO">
			<Option virtualFolder="doc\" />
		</Unit>
		<Unit filename="bf.log" />
		<Unit filename="blackfisk.rc">
			<Option compilerVar="WINDRES" />
			<Option virtualFolder="PresentationLayer\" />
		</Unit>
		<Unit filename="include\BFAboutDlg.h">
			<Option virtualFolder="PresentationLayer\Dialogs\" />
		</Unit>
		<Unit filename="include\BFApp.h">
			<Option virtualFolder="AppLayer\" />
		</Unit>
		<Unit filename="include\BFBackupInfoCtrl.h">
			<Option virtualFolder="PresentationLayer\Controls\Observers\" />
		</Unit>
		<Unit filename="include\BFBackupLog.h">
			<Option virtualFolder="AppLayer\InfoSystem\" />
		</Unit>
		<Unit filename="include\BFBackupProgressDlg.h">
			<Option virtualFolder="PresentationLayer\Dialogs\" />
		</Unit>
		<Unit filename="include\BFBackupQuestionDlg.h">
			<Option virtualFolder="PresentationLayer\Dialogs\" />
		</Unit>
		<Unit filename="include\BFBackupTree.h">
			<Option virtualFolder="PresentationLayer\Controls\Observers\" />
		</Unit>
		<Unit filename="include\BFCmdLine.h">
			<Option virtualFolder="AppLayer\" />
		</Unit>
		<Unit filename="include\BFCore.h">
			<Option virtualFolder="AppLayer\Core\" />
		</Unit>
		<Unit filename="include\BFCore_traverser.h">
			<Option virtualFolder="AppLayer\Core\" />
		</Unit>
		<Unit filename="include\BFDestinationCtrl.h">
			<Option virtualFolder="PresentationLayer\Controls\" />
		</Unit>
		<Unit filename="include\BFDestinationDlg.h">
			<Option virtualFolder="PresentationLayer\Dialogs\" />
		</Unit>
		<Unit filename="include\BFDirCtrl.h">
			<Option virtualFolder="PresentationLayer\Controls\" />
		</Unit>
		<Unit filename="include\BFExcludeCtrl.h">
			<Option virtualFolder="PresentationLayer\Controls\" />
		</Unit>
		<Unit filename="include\BFHelpCtrl.h">
			<Option virtualFolder="PresentationLayer\Controls\" />
		</Unit>
		<Unit filename="include\BFHyperlinkCtrl.h">
			<Option virtualFolder="PresentationLayer\Controls\" />
		</Unit>
		<Unit filename="include\BFIconTable.h">
			<Option virtualFolder="PresentationLayer\" />
		</Unit>
		<Unit filename="include\BFIsWorkingCtrl.h">
			<Option virtualFolder="PresentationLayer\Controls\" />
		</Unit>
		<Unit filename="include\BFLog.h">
			<Option virtualFolder="AppLayer\InfoSystem\" />
		</Unit>
		<Unit filename="include\BFLogBase.h">
			<Option virtualFolder="AppLayer\InfoSystem\" />
		</Unit>
		<Unit filename="include\BFLogViewDlg.h">
			<Option virtualFolder="PresentationLayer\Dialogs\" />
		</Unit>
		<Unit filename="include\BFMainFrame.h">
			<Option virtualFolder="PresentationLayer\" />
		</Unit>
		<Unit filename="include\BFMsgObserver.h">
			<Option virtualFolder="AppLayer\InfoSystem\" />
		</Unit>
		<Unit filename="include\BFPlaceholderButton.h">
			<Option virtualFolder="PresentationLayer\Controls\" />
		</Unit>
		<Unit filename="include\BFProcessMsgDlg.h">
			<Option virtualFolder="PresentationLayer\Dialogs\" />
		</Unit>
		<Unit filename="include\BFProcessMsgSubject.h">
			<Option virtualFolder="DataLayer\" />
		</Unit>
		<Unit filename="include\BFProgressCtrl.h">
			<Option virtualFolder="PresentationLayer\Controls\Observers\" />
		</Unit>
		<Unit filename="include\BFProjectSettings.h">
			<Option virtualFolder="DataLayer\" />
		</Unit>
		<Unit filename="include\BFProjectSettingsCtrl.h">
			<Option virtualFolder="PresentationLayer\Controls\" />
		</Unit>
		<Unit filename="include\BFProjectSettingsDlg.h">
			<Option virtualFolder="PresentationLayer\Dialogs\" />
		</Unit>
		<Unit filename="include\BFRootTask.h">
			<Option virtualFolder="DataLayer\Task\" />
		</Unit>
		<Unit filename="include\BFRootTaskApp.h">
			<Option virtualFolder="AppLayer\" />
		</Unit>
		<Unit filename="include\BFSettings.h">
			<Option virtualFolder="DataLayer\" />
		</Unit>
		<Unit filename="include\BFSettingsDlg.h">
			<Option virtualFolder="PresentationLayer\Dialogs\" />
		</Unit>
		<Unit filename="include\BFSystem.h">
			<Option virtualFolder="AppLayer\InfoSystem\" />
		</Unit>
		<Unit filename="include\BFSystemBase.h">
			<Option virtualFolder="AppLayer\InfoSystem\" />
		</Unit>
		<Unit filename="include\BFTask.h">
			<Option virtualFolder="DataLayer\Task\" />
		</Unit>
		<Unit filename="include\BFTaskBase.h">
			<Option virtualFolder="DataLayer\Task\" />
		</Unit>
		<Unit filename="include\BFTaskDlg.h">
			<Option virtualFolder="PresentationLayer\Dialogs\" />
		</Unit>
		<Unit filename="include\BFTaskListCtrl.h">
			<Option virtualFolder="PresentationLayer\Controls\Observers\" />
		</Unit>
		<Unit filename="include\BFThread_ProjectRunner.h">
			<Option virtualFolder="AppLayer\" />
		</Unit>
		<Unit filename="include\BFTimeDurationCtrl.h">
			<Option virtualFolder="PresentationLayer\Controls\Observers\" />
		</Unit>
		<Unit filename="include\BFundef.h">
			<Option virtualFolder="AppLayer\" />
		</Unit>
		<Unit filename="include\BFwxLog.h">
			<Option virtualFolder="AppLayer\InfoSystem\" />
		</Unit>
		<Unit filename="include\ObserverPattern.h">
			<Option virtualFolder="AppLayer\" />
		</Unit>
		<Unit filename="include\Progress.h">
			<Option virtualFolder="DataLayer\" />
		</Unit>
		<Unit filename="include\blackfisk.h">
			<Option virtualFolder="AppLayer\" />
		</Unit>
		<Unit filename="include\ids.h">
			<Option virtualFolder="PresentationLayer\" />
		</Unit>
		<Unit filename="include\jbSerialize.h">
			<Option virtualFolder="AppLayer\wxSerialize\" />
		</Unit>
		<Unit filename="src\BFAboutDlg.cpp">
			<Option virtualFolder="PresentationLayer\Dialogs\" />
		</Unit>
		<Unit filename="src\BFApp.cpp">
			<Option virtualFolder="AppLayer\" />
		</Unit>
		<Unit filename="src\BFBackupInfoCtrl.cpp">
			<Option virtualFolder="PresentationLayer\Controls\Observers\" />
		</Unit>
		<Unit filename="src\BFBackupLog.cpp">
			<Option virtualFolder="AppLayer\InfoSystem\" />
		</Unit>
		<Unit filename="src\BFBackupProgressDlg.cpp">
			<Option virtualFolder="PresentationLayer\Dialogs\" />
		</Unit>
		<Unit filename="src\BFBackupQuestionDlg.cpp">
			<Option virtualFolder="PresentationLayer\Dialogs\" />
		</Unit>
		<Unit filename="src\BFBackupTree.cpp">
			<Option virtualFolder="PresentationLayer\Controls\Observers\" />
		</Unit>
		<Unit filename="src\BFCmdLine.cpp">
			<Option virtualFolder="AppLayer\" />
		</Unit>
		<Unit filename="src\BFCore.cpp">
			<Option virtualFolder="AppLayer\Core\" />
		</Unit>
		<Unit filename="src\BFCore_traverser.cpp">
			<Option virtualFolder="AppLayer\Core\" />
		</Unit>
		<Unit filename="src\BFDestinationCtrl.cpp">
			<Option virtualFolder="PresentationLayer\Controls\" />
		</Unit>
		<Unit filename="src\BFDestinationDlg.cpp">
			<Option virtualFolder="PresentationLayer\Dialogs\" />
		</Unit>
		<Unit filename="src\BFDirCtrl.cpp">
			<Option virtualFolder="PresentationLayer\Controls\" />
		</Unit>
		<Unit filename="src\BFExcludeCtrl.cpp">
			<Option virtualFolder="PresentationLayer\Controls\" />
		</Unit>
		<Unit filename="src\BFHelpCtrl.cpp">
			<Option virtualFolder="PresentationLayer\Controls\" />
		</Unit>
		<Unit filename="src\BFHyperlinkCtrl.cpp">
			<Option virtualFolder="PresentationLayer\Controls\" />
		</Unit>
		<Unit filename="src\BFIconTable.cpp">
			<Option virtualFolder="PresentationLayer\" />
		</Unit>
		<Unit filename="src\BFIsWorkingCtrl.cpp">
			<Option virtualFolder="PresentationLayer\Controls\" />
		</Unit>
		<Unit filename="src\BFLog.cpp">
			<Option virtualFolder="AppLayer\InfoSystem\" />
		</Unit>
		<Unit filename="src\BFLogBase.cpp">
			<Option virtualFolder="AppLayer\InfoSystem\" />
		</Unit>
		<Unit filename="src\BFLogViewDlg.cpp">
			<Option virtualFolder="PresentationLayer\Dialogs\" />
		</Unit>
		<Unit filename="src\BFMainFrame.cpp">
			<Option virtualFolder="PresentationLayer\" />
		</Unit>
		<Unit filename="src\BFMsgObserver.cpp">
			<Option virtualFolder="AppLayer\InfoSystem\" />
		</Unit>
		<Unit filename="src\BFPlaceholderButton.cpp">
			<Option virtualFolder="PresentationLayer\Controls\" />
		</Unit>
		<Unit filename="src\BFProcessMsgDlg.cpp">
			<Option virtualFolder="PresentationLayer\Dialogs\" />
		</Unit>
		<Unit filename="src\BFProcessMsgSubject.cpp">
			<Option virtualFolder="DataLayer\" />
		</Unit>
		<Unit filename="src\BFProgressCtrl.cpp">
			<Option virtualFolder="PresentationLayer\Controls\Observers\" />
		</Unit>
		<Unit filename="src\BFProjectSettings.cpp">
			<Option virtualFolder="DataLayer\" />
		</Unit>
		<Unit filename="src\BFProjectSettingsCtrl.cpp">
			<Option virtualFolder="PresentationLayer\Controls\" />
		</Unit>
		<Unit filename="src\BFProjectSettingsDlg.cpp">
			<Option virtualFolder="PresentationLayer\Dialogs\" />
		</Unit>
		<Unit filename="src\BFRootTask.cpp">
			<Option virtualFolder="DataLayer\Task\" />
		</Unit>
		<Unit filename="src\BFRootTaskApp.cpp">
			<Option virtualFolder="AppLayer\" />
		</Unit>
		<Unit filename="src\BFSettings.cpp">
			<Option virtualFolder="DataLayer\" />
		</Unit>
		<Unit filename="src\BFSettingsDlg.cpp">
			<Option virtualFolder="PresentationLayer\Dialogs\" />
		</Unit>
		<Unit filename="src\BFSystem.cpp">
			<Option virtualFolder="AppLayer\InfoSystem\" />
		</Unit>
		<Unit filename="src\BFTask.cpp">
			<Option virtualFolder="DataLayer\Task\" />
		</Unit>
		<Unit filename="src\BFTaskBase.cpp">
			<Option virtualFolder="DataLayer\Task\" />
		</Unit>
		<Unit filename="src\BFTaskDlg.cpp">
			<Option virtualFolder="PresentationLayer\Dialogs\" />
		</Unit>
		<Unit filename="src\BFTaskListCtrl.cpp">
			<Option virtualFolder="PresentationLayer\Controls\Observers\" />
		</Unit>
		<Unit filename="src\BFThread_ProjectRunner.cpp">
			<Option virtualFolder="AppLayer\" />
		</Unit>
		<Unit filename="src\BFTimeDurationCtrl.cpp">
			<Option virtualFolder="PresentationLayer\Controls\Observers\" />
		</Unit>
		<Unit filename="src\BFwxLog.cpp">
			<Option virtualFolder="AppLayer\InfoSystem\" />
		</Unit>
		<Unit filename="src\ObserverPattern.cpp">
			<Option virtualFolder="AppLayer\" />
		</Unit>
		<Unit filename="src\Progress.cpp">
			<Option virtualFolder="DataLayer\" />
		</Unit>
		<Unit filename="src\blackfisk.cpp">
			<Option virtualFolder="AppLayer\" />
		</Unit>
		<Unit filename="third-party\wxSerialize\include\wx\wxSerialize.h">
			<Option virtualFolder="AppLayer\wxSerialize\" />
		</Unit>
		<Unit filename="third-party\wxSerialize\src\wxSerialize.cpp">
			<Option virtualFolder="AppLayer\wxSerialize\" />
		</Unit>
		<Extensions>
			<code_completion />
			<envvars />
			<debugger />
		</Extensions>
	</Project>
</CodeBlocks_project_file>
